
Microsoft Visual Studio Solution File, Format Version 12.00
# Visual Studio Version 17
VisualStudioVersion = 17.8.34316.72
MinimumVisualStudioVersion = 10.0.40219.1
Project("{FAE04EC0-301F-11D3-BF4B-00C04F79EFBC}") = "Lab_9_1", "Lab_9_1\Lab_9_1.csproj", "{D0355BBE-3027-4AC5-9AEA-336B4A69FD99}"
EndProject
Global
	GlobalSection(SolutionConfigurationPlatforms) = preSolution
		Debug|Any CPU = Debug|Any CPU
		Release|Any CPU = Release|Any CPU
	EndGlobalSection
	GlobalSection(ProjectConfigurationPlatforms) = postSolution
		{D0355BBE-3027-4AC5-9AEA-336B4A69FD99}.Debug|Any CPU.ActiveCfg = Debug|Any CPU
		{D0355BBE-3027-4AC5-9AEA-336B4A69FD99}.Debug|Any CPU.Build.0 = Debug|Any CPU
		{D0355BBE-3027-4AC5-9AEA-336B4A69FD99}.Release|Any CPU.ActiveCfg = Release|Any CPU
		{D0355BBE-3027-4AC5-9AEA-336B4A69FD99}.Release|Any CPU.Build.0 = Release|Any CPU
	EndGlobalSection
	GlobalSection(SolutionProperties) = preSolution
		HideSolutionNode = FALSE
	EndGlobalSection
	GlobalSection(ExtensibilityGlobals) = postSolution
		SolutionGuid = {49E52C76-0B8F-45C0-9E3F-BB5545742869}
	EndGlobalSection
EndGlobal
